# This file is automatically @generated by rv.
# It is not intended for manual editing.
version = 2
r_version = "4.5"

[[packages]]
name = "DBI"
version = "1.3.0"
source = { repository = "https://cloud.r-project.org/" }
force_source = false
dependencies = []

[[packages]]
name = "KernSmooth"
version = "2.23-26"
source = { builtin = true }
force_source = false
dependencies = []

[[packages]]
name = "MASS"
version = "7.3-65"
source = { builtin = true }
force_source = false
dependencies = []

[[packages]]
name = "R6"
version = "2.6.1"
source = { repository = "https://cloud.r-project.org/" }
force_source = false
dependencies = []

[[packages]]
name = "RColorBrewer"
version = "1.1-3"
source = { repository = "https://cloud.r-project.org/" }
force_source = false
dependencies = []

[[packages]]
name = "Rcpp"
version = "1.1.1"
source = { repository = "https://cloud.r-project.org/" }
force_source = false
dependencies = []

[[packages]]
name = "S7"
version = "0.2.1"
source = { repository = "https://cloud.r-project.org/" }
force_source = false
dependencies = []

[[packages]]
name = "abind"
version = "1.4-8"
source = { repository = "https://cloud.r-project.org/" }
force_source = false
dependencies = []

[[packages]]
name = "askpass"
version = "1.2.1"
source = { repository = "https://cloud.r-project.org/" }
force_source = false
dependencies = [
    { name = "sys", requirement = "(>= 2.1)" },
]

[[packages]]
name = "backports"
version = "1.5.0"
source = { repository = "https://cloud.r-project.org/" }
force_source = false
dependencies = []

[[packages]]
name = "base64enc"
version = "0.1-6"
source = { repository = "https://cloud.r-project.org/" }
force_source = false
dependencies = []

[[packages]]
name = "bit"
version = "4.6.0"
source = { repository = "https://cloud.r-project.org/" }
force_source = false
dependencies = []

[[packages]]
name = "bit64"
version = "4.6.0-1"
source = { repository = "https://cloud.r-project.org/" }
force_source = false
dependencies = [
    { name = "bit", requirement = "(>= 4.0.0)" },
]

[[packages]]
name = "blob"
version = "1.3.0"
source = { repository = "https://cloud.r-project.org/" }
force_source = false
dependencies = [
    "rlang",
    { name = "vctrs", requirement = "(>= 0.2.1)" },
]

[[packages]]
name = "brew"
version = "1.0-10"
source = { repository = "https://cloud.r-project.org/" }
force_source = false
dependencies = []

[[packages]]
name = "broom"
version = "1.0.12"
source = { repository = "https://cloud.r-project.org/" }
force_source = false
dependencies = [
    "backports",
    "cli",
    { name = "dplyr", requirement = "(>= 1.0.0)" },
    { name = "generics", requirement = "(>= 0.0.2)" },
    "glue",
    "lifecycle",
    "purrr",
    { name = "rlang", requirement = "(>= 1.1.0)" },
    "stringr",
    { name = "tibble", requirement = "(>= 3.0.0)" },
    { name = "tidyr", requirement = "(>= 1.0.0)" },
]

[[packages]]
name = "bslib"
version = "0.10.0"
source = { repository = "https://cloud.r-project.org/" }
force_source = false
dependencies = [
    "base64enc",
    "cachem",
    { name = "fastmap", requirement = "(>= 1.1.1)" },
    { name = "htmltools", requirement = "(>= 0.5.8)" },
    { name = "jquerylib", requirement = "(>= 0.1.3)" },
    "jsonlite",
    "lifecycle",
    { name = "memoise", requirement = "(>= 2.0.1)" },
    "mime",
    "rlang",
    { name = "sass", requirement = "(>= 0.4.9)" },
]

[[packages]]
name = "cachem"
version = "1.1.0"
source = { repository = "https://cloud.r-project.org/" }
force_source = false
dependencies = [
    "rlang",
    { name = "fastmap", requirement = "(>= 1.2.0)" },
]

[[packages]]
name = "callr"
version = "3.7.6"
source = { repository = "https://cloud.r-project.org/" }
force_source = false
dependencies = [
    { name = "processx", requirement = "(>= 3.6.1)" },
    "R6",
]

[[packages]]
name = "cellranger"
version = "1.1.0"
source = { repository = "https://cloud.r-project.org/" }
force_source = false
dependencies = [
    "rematch",
    "tibble",
]

[[packages]]
name = "class"
version = "7.3-23"
source = { builtin = true }
force_source = false
dependencies = [
    "MASS",
]

[[packages]]
name = "classInt"
version = "0.4-11"
source = { repository = "https://cloud.r-project.org/" }
force_source = false
dependencies = [
    "e1071",
    "class",
    "KernSmooth",
]

[[packages]]
name = "cli"
version = "3.6.5"
source = { repository = "https://cloud.r-project.org/" }
force_source = false
dependencies = []

[[packages]]
name = "clipr"
version = "0.8.0"
source = { repository = "https://cloud.r-project.org/" }
force_source = false
dependencies = []

[[packages]]
name = "conflicted"
version = "1.2.0"
source = { repository = "https://cloud.r-project.org/" }
force_source = false
dependencies = [
    { name = "cli", requirement = "(>= 3.4.0)" },
    "memoise",
    { name = "rlang", requirement = "(>= 1.0.0)" },
]

[[packages]]
name = "cpp11"
version = "0.5.3"
source = { repository = "https://cloud.r-project.org/" }
force_source = false
dependencies = []

[[packages]]
name = "crayon"
version = "1.5.3"
source = { repository = "https://cloud.r-project.org/" }
force_source = false
dependencies = []

[[packages]]
name = "crosstalk"
version = "1.2.2"
source = { repository = "https://cloud.r-project.org/" }
force_source = false
dependencies = [
    { name = "htmltools", requirement = "(>= 0.3.6)" },
    "jsonlite",
    "lazyeval",
    "R6",
]

[[packages]]
name = "curl"
version = "7.0.0"
source = { repository = "https://cloud.r-project.org/" }
force_source = false
dependencies = []

[[packages]]
name = "data.table"
version = "1.18.2.1"
source = { repository = "https://cloud.r-project.org/" }
force_source = false
dependencies = []

[[packages]]
name = "dbplyr"
version = "2.5.2"
source = { repository = "https://cloud.r-project.org/" }
force_source = false
dependencies = [
    { name = "blob", requirement = "(>= 1.2.0)" },
    { name = "cli", requirement = "(>= 3.6.1)" },
    { name = "DBI", requirement = "(>= 1.1.3)" },
    { name = "dplyr", requirement = "(>= 1.1.2)" },
    { name = "glue", requirement = "(>= 1.6.2)" },
    { name = "lifecycle", requirement = "(>= 1.0.3)" },
    "magrittr",
    { name = "pillar", requirement = "(>= 1.9.0)" },
    { name = "purrr", requirement = "(>= 1.0.1)" },
    { name = "R6", requirement = "(>= 2.2.2)" },
    { name = "rlang", requirement = "(>= 1.1.1)" },
    { name = "tibble", requirement = "(>= 3.2.1)" },
    { name = "tidyr", requirement = "(>= 1.3.0)" },
    { name = "tidyselect", requirement = "(>= 1.2.1)" },
    { name = "vctrs", requirement = "(>= 0.6.3)" },
    { name = "withr", requirement = "(>= 2.5.0)" },
]

[[packages]]
name = "digest"
version = "0.6.39"
source = { repository = "https://cloud.r-project.org/" }
force_source = false
dependencies = []

[[packages]]
name = "dplyr"
version = "1.2.0"
source = { repository = "https://cloud.r-project.org/" }
force_source = false
dependencies = [
    { name = "cli", requirement = "(>= 3.6.2)" },
    "generics",
    { name = "glue", requirement = "(>= 1.3.2)" },
    { name = "lifecycle", requirement = "(>= 1.0.5)" },
    { name = "magrittr", requirement = "(>= 1.5)" },
    { name = "pillar", requirement = "(>= 1.9.0)" },
    "R6",
    { name = "rlang", requirement = "(>= 1.1.7)" },
    { name = "tibble", requirement = "(>= 3.2.0)" },
    { name = "tidyselect", requirement = "(>= 1.2.0)" },
    { name = "vctrs", requirement = "(>= 0.7.1)" },
]

[[packages]]
name = "dtplyr"
version = "1.3.3"
source = { repository = "https://cloud.r-project.org/" }
force_source = false
dependencies = [
    { name = "cli", requirement = "(>= 3.4.0)" },
    { name = "data.table", requirement = "(>= 1.13.0)" },
    { name = "dplyr", requirement = "(>= 1.1.0)" },
    "glue",
    "lifecycle",
    { name = "rlang", requirement = "(>= 1.0.4)" },
    "tibble",
    { name = "tidyselect", requirement = "(>= 1.2.0)" },
    { name = "vctrs", requirement = "(>= 0.4.1)" },
]

[[packages]]
name = "e1071"
version = "1.7-17"
source = { repository = "https://cloud.r-project.org/" }
force_source = false
dependencies = [
    "class",
    "proxy",
]

[[packages]]
name = "evaluate"
version = "1.0.5"
source = { repository = "https://cloud.r-project.org/" }
force_source = false
dependencies = []

[[packages]]
name = "farver"
version = "2.1.2"
source = { repository = "https://cloud.r-project.org/" }
force_source = false
dependencies = []

[[packages]]
name = "fastmap"
version = "1.2.0"
source = { repository = "https://cloud.r-project.org/" }
force_source = false
dependencies = []

[[packages]]
name = "fontawesome"
version = "0.5.3"
source = { repository = "https://cloud.r-project.org/" }
force_source = false
dependencies = [
    { name = "rlang", requirement = "(>= 1.0.6)" },
    { name = "htmltools", requirement = "(>= 0.5.1.1)" },
]

[[packages]]
name = "forcats"
version = "1.0.1"
source = { repository = "https://cloud.r-project.org/" }
force_source = false
dependencies = [
    { name = "cli", requirement = "(>= 3.4.0)" },
    "glue",
    "lifecycle",
    "magrittr",
    { name = "rlang", requirement = "(>= 1.0.0)" },
    "tibble",
]

[[packages]]
name = "fs"
version = "1.6.6"
source = { repository = "https://cloud.r-project.org/" }
force_source = false
dependencies = []

[[packages]]
name = "gargle"
version = "1.6.1"
source = { repository = "https://cloud.r-project.org/" }
force_source = false
dependencies = [
    { name = "cli", requirement = "(>= 3.0.1)" },
    { name = "fs", requirement = "(>= 1.3.1)" },
    { name = "glue", requirement = "(>= 1.3.0)" },
    { name = "httr", requirement = "(>= 1.4.5)" },
    "jsonlite",
    { name = "lifecycle", requirement = "(>= 0.2.0)" },
    "openssl",
    "rappdirs",
    { name = "rlang", requirement = "(>= 1.1.0)" },
    "withr",
]

[[packages]]
name = "generics"
version = "0.1.4"
source = { repository = "https://cloud.r-project.org/" }
force_source = false
dependencies = []

[[packages]]
name = "geojsonsf"
version = "2.0.5"
source = { repository = "https://cloud.r-project.org/" }
force_source = false
dependencies = [
    { name = "Rcpp", requirement = "(>= 1.1.0)" },
    { name = "geometries", requirement = "(>= 0.2.5)" },
    { name = "jsonify", requirement = "(>= 1.2.3)" },
    { name = "rapidjsonr", requirement = "(>= 1.2.1)" },
    { name = "sfheaders", requirement = "(>= 0.4.5)" },
]

[[packages]]
name = "geometries"
version = "0.2.5"
source = { repository = "https://cloud.r-project.org/" }
force_source = false
dependencies = [
    { name = "Rcpp", requirement = "(>= 1.1.0)" },
]

[[packages]]
name = "ggplot2"
version = "4.0.2"
source = { repository = "https://cloud.r-project.org/" }
force_source = false
dependencies = [
    "cli",
    { name = "gtable", requirement = "(>= 0.3.6)" },
    "isoband",
    { name = "lifecycle", requirement = "(> 1.0.1)" },
    { name = "rlang", requirement = "(>= 1.1.0)" },
    "S7",
    { name = "scales", requirement = "(>= 1.4.0)" },
    { name = "vctrs", requirement = "(>= 0.6.0)" },
    { name = "withr", requirement = "(>= 2.5.0)" },
]

[[packages]]
name = "glue"
version = "1.8.0"
source = { repository = "https://cloud.r-project.org/" }
force_source = false
dependencies = []

[[packages]]
name = "googledrive"
version = "2.1.2"
source = { repository = "https://cloud.r-project.org/" }
force_source = false
dependencies = [
    { name = "cli", requirement = "(>= 3.0.0)" },
    { name = "gargle", requirement = "(>= 1.6.0)" },
    { name = "glue", requirement = "(>= 1.4.2)" },
    "httr",
    "jsonlite",
    "lifecycle",
    "magrittr",
    { name = "pillar", requirement = "(>= 1.9.0)" },
    { name = "purrr", requirement = "(>= 1.0.1)" },
    { name = "rlang", requirement = "(>= 1.0.2)" },
    { name = "tibble", requirement = "(>= 2.0.0)" },
    "uuid",
    { name = "vctrs", requirement = "(>= 0.3.0)" },
    "withr",
]

[[packages]]
name = "googlesheets4"
version = "1.1.2"
source = { repository = "https://cloud.r-project.org/" }
force_source = false
dependencies = [
    "cellranger",
    { name = "cli", requirement = "(>= 3.0.0)" },
    "curl",
    { name = "gargle", requirement = "(>= 1.6.0)" },
    { name = "glue", requirement = "(>= 1.3.0)" },
    { name = "googledrive", requirement = "(>= 2.1.0)" },
    "httr",
    "ids",
    "lifecycle",
    "magrittr",
    "purrr",
    "rematch2",
    { name = "rlang", requirement = "(>= 1.0.2)" },
    { name = "tibble", requirement = "(>= 2.1.1)" },
    { name = "vctrs", requirement = "(>= 0.2.3)" },
    "withr",
]

[[packages]]
name = "gtable"
version = "0.3.6"
source = { repository = "https://cloud.r-project.org/" }
force_source = false
dependencies = [
    "cli",
    "glue",
    "lifecycle",
    { name = "rlang", requirement = "(>= 1.1.0)" },
]

[[packages]]
name = "haven"
version = "2.5.5"
source = { repository = "https://cloud.r-project.org/" }
force_source = false
dependencies = [
    { name = "cli", requirement = "(>= 3.0.0)" },
    { name = "forcats", requirement = "(>= 0.2.0)" },
    "hms",
    "lifecycle",
    { name = "readr", requirement = "(>= 0.1.0)" },
    { name = "rlang", requirement = "(>= 0.4.0)" },
    "tibble",
    "tidyselect",
    { name = "vctrs", requirement = "(>= 0.3.0)" },
    "cpp11",
]

[[packages]]
name = "here"
version = "1.0.2"
source = { repository = "https://cloud.r-project.org/" }
force_source = false
dependencies = [
    { name = "rprojroot", requirement = "(>= 2.1.0)" },
]

[[packages]]
name = "highr"
version = "0.11"
source = { repository = "https://cloud.r-project.org/" }
force_source = false
dependencies = [
    { name = "xfun", requirement = "(>= 0.18)" },
]

[[packages]]
name = "hms"
version = "1.1.4"
source = { repository = "https://cloud.r-project.org/" }
force_source = false
dependencies = [
    "cli",
    "lifecycle",
    "pkgconfig",
    { name = "rlang", requirement = "(>= 1.0.2)" },
    { name = "vctrs", requirement = "(>= 0.3.8)" },
]

[[packages]]
name = "htmltools"
version = "0.5.9"
source = { repository = "https://cloud.r-project.org/" }
force_source = false
dependencies = [
    "base64enc",
    "digest",
    { name = "fastmap", requirement = "(>= 1.1.0)" },
    { name = "rlang", requirement = "(>= 1.0.0)" },
]

[[packages]]
name = "htmlwidgets"
version = "1.6.4"
source = { repository = "https://cloud.r-project.org/" }
force_source = false
dependencies = [
    { name = "htmltools", requirement = "(>= 0.5.7)" },
    { name = "jsonlite", requirement = "(>= 0.9.16)" },
    { name = "knitr", requirement = "(>= 1.8)" },
    "rmarkdown",
    "yaml",
]

[[packages]]
name = "httpuv"
version = "1.6.16"
source = { repository = "https://cloud.r-project.org/" }
force_source = false
dependencies = [
    { name = "later", requirement = "(>= 0.8.0)" },
    "promises",
    "R6",
    { name = "Rcpp", requirement = "(>= 1.0.7)" },
]

[[packages]]
name = "httr"
version = "1.4.8"
source = { repository = "https://cloud.r-project.org/" }
force_source = false
dependencies = [
    { name = "curl", requirement = "(>= 5.1.0)" },
    "jsonlite",
    "mime",
    { name = "openssl", requirement = "(>= 0.8)" },
    "R6",
]

[[packages]]
name = "ids"
version = "1.0.1"
source = { repository = "https://cloud.r-project.org/" }
force_source = false
dependencies = [
    "openssl",
    "uuid",
]

[[packages]]
name = "isoband"
version = "0.3.0"
source = { repository = "https://cloud.r-project.org/" }
force_source = false
dependencies = [
    "cli",
    "rlang",
    "cpp11",
]

[[packages]]
name = "janitor"
version = "2.2.1"
source = { repository = "https://cloud.r-project.org/" }
force_source = false
dependencies = [
    { name = "dplyr", requirement = "(>= 1.0.0)" },
    "hms",
    "lifecycle",
    "lubridate",
    "magrittr",
    "purrr",
    "rlang",
    "stringi",
    "stringr",
    { name = "snakecase", requirement = "(>= 0.9.2)" },
    { name = "tidyselect", requirement = "(>= 1.0.0)" },
    { name = "tidyr", requirement = "(>= 0.7.0)" },
]

[[packages]]
name = "jquerylib"
version = "0.1.4"
source = { repository = "https://cloud.r-project.org/" }
force_source = false
dependencies = [
    "htmltools",
]

[[packages]]
name = "jsonify"
version = "1.2.3"
source = { repository = "https://cloud.r-project.org/" }
force_source = false
dependencies = [
    { name = "Rcpp", requirement = "(>= 1.1.0)" },
    { name = "rapidjsonr", requirement = "(>= 1.2.1)" },
]

[[packages]]
name = "jsonlite"
version = "2.0.0"
source = { repository = "https://cloud.r-project.org/" }
force_source = false
dependencies = []

[[packages]]
name = "knitr"
version = "1.51"
source = { repository = "https://cloud.r-project.org/" }
force_source = false
dependencies = [
    { name = "evaluate", requirement = "(>= 0.15)" },
    { name = "highr", requirement = "(>= 0.11)" },
    { name = "xfun", requirement = "(>= 0.52)" },
    { name = "yaml", requirement = "(>= 2.1.19)" },
]

[[packages]]
name = "labeling"
version = "0.4.3"
source = { repository = "https://cloud.r-project.org/" }
force_source = false
dependencies = []

[[packages]]
name = "later"
version = "1.4.7"
source = { repository = "https://cloud.r-project.org/" }
force_source = false
dependencies = [
    { name = "Rcpp", requirement = "(>= 1.0.10)" },
    "rlang",
]

[[packages]]
name = "lattice"
version = "0.22-7"
source = { builtin = true }
force_source = false
dependencies = []

[[packages]]
name = "lazyeval"
version = "0.2.2"
source = { repository = "https://cloud.r-project.org/" }
force_source = false
dependencies = []

[[packages]]
name = "leafem"
version = "0.2.5"
source = { repository = "https://cloud.r-project.org/" }
force_source = false
dependencies = [
    "base64enc",
    "geojsonsf",
    { name = "htmltools", requirement = "(>= 0.3)" },
    "htmlwidgets",
    "jsonlite",
    { name = "leaflet", requirement = "(>= 2.0.1)" },
    "raster",
    "sf",
    "png",
]

[[packages]]
name = "leaflet"
version = "2.2.3"
source = { repository = "https://cloud.r-project.org/" }
force_source = false
dependencies = [
    "crosstalk",
    "htmltools",
    { name = "htmlwidgets", requirement = "(>= 1.5.4)" },
    "jquerylib",
    { name = "leaflet.providers", requirement = "(>= 2.0.0)" },
    "magrittr",
    "png",
    { name = "raster", requirement = "(>= 3.6.3)" },
    "RColorBrewer",
    "rlang",
    { name = "scales", requirement = "(>= 1.0.0)" },
    { name = "sf", requirement = "(>= 0.9-6)" },
    "viridisLite",
    "xfun",
]

[[packages]]
name = "leaflet.providers"
version = "2.0.0"
source = { repository = "https://cloud.r-project.org/" }
force_source = false
dependencies = [
    "htmltools",
]

[[packages]]
name = "leafpop"
version = "0.1.0"
source = { repository = "https://cloud.r-project.org/" }
force_source = false
dependencies = [
    "base64enc",
    "brew",
    "htmltools",
    "htmlwidgets",
    "sf",
    "svglite",
    "uuid",
]

[[packages]]
name = "lifecycle"
version = "1.0.5"
source = { repository = "https://cloud.r-project.org/" }
force_source = false
dependencies = [
    { name = "cli", requirement = "(>= 3.4.0)" },
    { name = "rlang", requirement = "(>= 1.1.0)" },
]

[[packages]]
name = "lubridate"
version = "1.9.5"
source = { repository = "https://cloud.r-project.org/" }
force_source = false
dependencies = [
    "generics",
    { name = "timechange", requirement = "(>= 0.4.0)" },
]

[[packages]]
name = "magrittr"
version = "2.0.4"
source = { repository = "https://cloud.r-project.org/" }
force_source = false
dependencies = []

[[packages]]
name = "mapview"
version = "2.11.4"
source = { repository = "https://cloud.r-project.org/" }
force_source = false
dependencies = [
    "base64enc",
    "htmltools",
    "htmlwidgets",
    "lattice",
    "leafem",
    { name = "leaflet", requirement = "(>= 2.0.0)" },
    "leafpop",
    "png",
    { name = "raster", requirement = "(>= 3.6.3)" },
    "satellite",
    { name = "scales", requirement = "(>= 0.2.5)" },
    "servr",
    "sf",
    "sp",
]

[[packages]]
name = "memoise"
version = "2.0.1"
source = { repository = "https://cloud.r-project.org/" }
force_source = false
dependencies = [
    { name = "rlang", requirement = "(>= 0.4.10)" },
    "cachem",
]

[[packages]]
name = "mime"
version = "0.13"
source = { repository = "https://cloud.r-project.org/" }
force_source = false
dependencies = []

[[packages]]
name = "modelr"
version = "0.1.11"
source = { repository = "https://cloud.r-project.org/" }
force_source = false
dependencies = [
    "broom",
    "magrittr",
    { name = "purrr", requirement = "(>= 0.2.2)" },
    { name = "rlang", requirement = "(>= 1.0.6)" },
    "tibble",
    { name = "tidyr", requirement = "(>= 0.8.0)" },
    "tidyselect",
    "vctrs",
]

[[packages]]
name = "ncdf4"
version = "1.24"
source = { repository = "https://cloud.r-project.org/" }
force_source = false
dependencies = []

[[packages]]
name = "openssl"
version = "2.3.5"
source = { repository = "https://cloud.r-project.org/" }
force_source = false
dependencies = [
    "askpass",
]

[[packages]]
name = "otel"
version = "0.2.0"
source = { repository = "https://cloud.r-project.org/" }
force_source = false
dependencies = []

[[packages]]
name = "pillar"
version = "1.11.1"
source = { repository = "https://cloud.r-project.org/" }
force_source = false
dependencies = [
    { name = "cli", requirement = "(>= 2.3.0)" },
    "glue",
    "lifecycle",
    { name = "rlang", requirement = "(>= 1.0.2)" },
    { name = "utf8", requirement = "(>= 1.1.0)" },
    { name = "vctrs", requirement = "(>= 0.5.0)" },
]

[[packages]]
name = "pkgconfig"
version = "2.0.3"
source = { repository = "https://cloud.r-project.org/" }
force_source = false
dependencies = []

[[packages]]
name = "plyr"
version = "1.8.9"
source = { repository = "https://cloud.r-project.org/" }
force_source = false
dependencies = [
    { name = "Rcpp", requirement = "(>= 0.11.0)" },
]

[[packages]]
name = "png"
version = "0.1-8"
source = { repository = "https://cloud.r-project.org/" }
force_source = false
dependencies = []

[[packages]]
name = "prettyunits"
version = "1.2.0"
source = { repository = "https://cloud.r-project.org/" }
force_source = false
dependencies = []

[[packages]]
name = "processx"
version = "3.8.6"
source = { repository = "https://cloud.r-project.org/" }
force_source = false
dependencies = [
    { name = "ps", requirement = "(>= 1.2.0)" },
    "R6",
]

[[packages]]
name = "progress"
version = "1.2.3"
source = { repository = "https://cloud.r-project.org/" }
force_source = false
dependencies = [
    "crayon",
    "hms",
    "prettyunits",
    "R6",
]

[[packages]]
name = "promises"
version = "1.5.0"
source = { repository = "https://cloud.r-project.org/" }
force_source = false
dependencies = [
    { name = "fastmap", requirement = "(>= 1.1.0)" },
    "later",
    "lifecycle",
    { name = "magrittr", requirement = "(>= 1.5)" },
    { name = "otel", requirement = "(>= 0.2.0)" },
    "R6",
    "rlang",
]

[[packages]]
name = "proxy"
version = "0.4-29"
source = { repository = "https://cloud.r-project.org/" }
force_source = false
dependencies = []

[[packages]]
name = "ps"
version = "1.9.1"
source = { repository = "https://cloud.r-project.org/" }
force_source = false
dependencies = []

[[packages]]
name = "purrr"
version = "1.2.1"
source = { repository = "https://cloud.r-project.org/" }
force_source = false
dependencies = [
    { name = "cli", requirement = "(>= 3.6.1)" },
    { name = "lifecycle", requirement = "(>= 1.0.3)" },
    { name = "magrittr", requirement = "(>= 1.5.0)" },
    { name = "rlang", requirement = "(>= 1.1.1)" },
    { name = "vctrs", requirement = "(>= 0.6.3)" },
]

[[packages]]
name = "ragg"
version = "1.5.0"
source = { repository = "https://cloud.r-project.org/" }
force_source = false
dependencies = [
    { name = "systemfonts", requirement = "(>= 1.0.3)" },
    { name = "textshaping", requirement = "(>= 0.3.0)" },
]

[[packages]]
name = "rapidjsonr"
version = "1.2.1"
source = { repository = "https://cloud.r-project.org/" }
force_source = false
dependencies = []

[[packages]]
name = "rappdirs"
version = "0.3.4"
source = { repository = "https://cloud.r-project.org/" }
force_source = false
dependencies = []

[[packages]]
name = "raster"
version = "3.6-32"
source = { repository = "https://cloud.r-project.org/" }
force_source = false
dependencies = [
    { name = "sp", requirement = "(>= 1.4-5)" },
    "Rcpp",
    { name = "terra", requirement = "(>= 1.8-5)" },
]

[[packages]]
name = "readr"
version = "2.2.0"
source = { repository = "https://cloud.r-project.org/" }
force_source = false
dependencies = [
    "cli",
    "clipr",
    "crayon",
    "glue",
    { name = "hms", requirement = "(>= 0.4.1)" },
    "lifecycle",
    "R6",
    "rlang",
    "tibble",
    { name = "vroom", requirement = "(>= 1.7.0)" },
    "withr",
    "cpp11",
    { name = "tzdb", requirement = "(>= 0.1.1)" },
]

[[packages]]
name = "readxl"
version = "1.4.5"
source = { repository = "https://cloud.r-project.org/" }
force_source = false
dependencies = [
    "cellranger",
    { name = "tibble", requirement = "(>= 2.0.1)" },
    { name = "cpp11", requirement = "(>= 0.4.0)" },
    "progress",
]

[[packages]]
name = "rematch"
version = "2.0.0"
source = { repository = "https://cloud.r-project.org/" }
force_source = false
dependencies = []

[[packages]]
name = "rematch2"
version = "2.1.2"
source = { repository = "https://cloud.r-project.org/" }
force_source = false
dependencies = [
    "tibble",
]

[[packages]]
name = "reprex"
version = "2.1.1"
source = { repository = "https://cloud.r-project.org/" }
force_source = false
dependencies = [
    { name = "callr", requirement = "(>= 3.6.0)" },
    { name = "cli", requirement = "(>= 3.2.0)" },
    { name = "clipr", requirement = "(>= 0.4.0)" },
    "fs",
    "glue",
    { name = "knitr", requirement = "(>= 1.23)" },
    "lifecycle",
    { name = "rlang", requirement = "(>= 1.0.0)" },
    "rmarkdown",
    "rstudioapi",
    { name = "withr", requirement = "(>= 2.3.0)" },
]

[[packages]]
name = "rlang"
version = "1.1.7"
source = { repository = "https://cloud.r-project.org/" }
force_source = false
dependencies = []

[[packages]]
name = "rmarkdown"
version = "2.30"
source = { repository = "https://cloud.r-project.org/" }
force_source = false
dependencies = [
    { name = "bslib", requirement = "(>= 0.2.5.1)" },
    { name = "evaluate", requirement = "(>= 0.13)" },
    { name = "fontawesome", requirement = "(>= 0.5.0)" },
    { name = "htmltools", requirement = "(>= 0.5.1)" },
    "jquerylib",
    "jsonlite",
    { name = "knitr", requirement = "(>= 1.43)" },
    { name = "tinytex", requirement = "(>= 0.31)" },
    { name = "xfun", requirement = "(>= 0.36)" },
    { name = "yaml", requirement = "(>= 2.1.19)" },
]

[[packages]]
name = "rprojroot"
version = "2.1.1"
source = { repository = "https://cloud.r-project.org/" }
force_source = false
dependencies = []

[[packages]]
name = "rstudioapi"
version = "0.18.0"
source = { repository = "https://cloud.r-project.org/" }
force_source = false
dependencies = []

[[packages]]
name = "rvest"
version = "1.0.5"
source = { repository = "https://cloud.r-project.org/" }
force_source = false
dependencies = [
    "cli",
    "glue",
    { name = "httr", requirement = "(>= 0.5)" },
    { name = "lifecycle", requirement = "(>= 1.0.3)" },
    "magrittr",
    { name = "rlang", requirement = "(>= 1.1.0)" },
    "selectr",
    "tibble",
    { name = "xml2", requirement = "(>= 1.4.0)" },
]

[[packages]]
name = "s2"
version = "1.1.9"
source = { repository = "https://cloud.r-project.org/" }
force_source = false
dependencies = [
    "Rcpp",
    { name = "wk", requirement = "(>= 0.6.0)" },
]

[[packages]]
name = "sass"
version = "0.4.10"
source = { repository = "https://cloud.r-project.org/" }
force_source = false
dependencies = [
    { name = "fs", requirement = "(>= 1.2.4)" },
    { name = "rlang", requirement = "(>= 0.4.10)" },
    { name = "htmltools", requirement = "(>= 0.5.1)" },
    "R6",
    "rappdirs",
]

[[packages]]
name = "satellite"
version = "1.0.6"
source = { repository = "https://cloud.r-project.org/" }
force_source = false
dependencies = [
    "raster",
    "plyr",
    { name = "Rcpp", requirement = "(>= 0.10.3)" },
    "terra",
]

[[packages]]
name = "scales"
version = "1.4.0"
source = { repository = "https://cloud.r-project.org/" }
force_source = false
dependencies = [
    "cli",
    { name = "farver", requirement = "(>= 2.0.3)" },
    "glue",
    "labeling",
    "lifecycle",
    "R6",
    "RColorBrewer",
    { name = "rlang", requirement = "(>= 1.1.0)" },
    "viridisLite",
]

[[packages]]
name = "selectr"
version = "0.5-1"
source = { repository = "https://cloud.r-project.org/" }
force_source = false
dependencies = [
    "stringr",
    "R6",
]

[[packages]]
name = "servr"
version = "0.32"
source = { repository = "https://cloud.r-project.org/" }
force_source = false
dependencies = [
    { name = "mime", requirement = "(>= 0.2)" },
    { name = "httpuv", requirement = "(>= 1.5.2)" },
    { name = "xfun", requirement = "(>= 0.48)" },
    "jsonlite",
]

[[packages]]
name = "sf"
version = "1.1-0"
source = { repository = "https://cloud.r-project.org/" }
force_source = false
dependencies = [
    { name = "classInt", requirement = "(>= 0.4-1)" },
    { name = "DBI", requirement = "(>= 0.8)" },
    "magrittr",
    { name = "s2", requirement = "(>= 1.1.0)" },
    { name = "units", requirement = "(>= 0.7-0)" },
    "Rcpp",
]

[[packages]]
name = "sfheaders"
version = "0.4.5"
source = { repository = "https://cloud.r-project.org/" }
force_source = false
dependencies = [
    { name = "Rcpp", requirement = "(>= 1.1.0)" },
    { name = "geometries", requirement = "(>= 0.2.5)" },
]

[[packages]]
name = "snakecase"
version = "0.11.1"
source = { repository = "https://cloud.r-project.org/" }
force_source = false
dependencies = [
    "stringr",
    "stringi",
]

[[packages]]
name = "sp"
version = "2.2-1"
source = { repository = "https://cloud.r-project.org/" }
force_source = false
dependencies = [
    "lattice",
]

[[packages]]
name = "stars"
version = "0.7-1"
source = { repository = "https://cloud.r-project.org/" }
force_source = false
dependencies = [
    "abind",
    { name = "sf", requirement = "(>= 1.0-19)" },
    { name = "classInt", requirement = "(>= 0.4-1)" },
    "rlang",
    "units",
]

[[packages]]
name = "stringi"
version = "1.8.7"
source = { repository = "https://cloud.r-project.org/" }
force_source = false
dependencies = []

[[packages]]
name = "stringr"
version = "1.6.0"
source = { repository = "https://cloud.r-project.org/" }
force_source = false
dependencies = [
    "cli",
    { name = "glue", requirement = "(>= 1.6.1)" },
    { name = "lifecycle", requirement = "(>= 1.0.3)" },
    "magrittr",
    { name = "rlang", requirement = "(>= 1.0.0)" },
    { name = "stringi", requirement = "(>= 1.5.3)" },
    { name = "vctrs", requirement = "(>= 0.4.0)" },
]

[[packages]]
name = "svglite"
version = "2.2.2"
source = { repository = "https://cloud.r-project.org/" }
force_source = false
dependencies = [
    "base64enc",
    "cli",
    "lifecycle",
    { name = "rlang", requirement = "(>= 1.1.0)" },
    { name = "systemfonts", requirement = "(>= 1.3.0)" },
    { name = "textshaping", requirement = "(>= 0.3.0)" },
    "cpp11",
]

[[packages]]
name = "sys"
version = "3.4.3"
source = { repository = "https://cloud.r-project.org/" }
force_source = false
dependencies = []

[[packages]]
name = "systemfonts"
version = "1.3.1"
source = { repository = "https://cloud.r-project.org/" }
force_source = false
dependencies = [
    "base64enc",
    "jsonlite",
    "lifecycle",
    { name = "cpp11", requirement = "(>= 0.2.1)" },
]

[[packages]]
name = "terra"
version = "1.8-93"
source = { repository = "https://cloud.r-project.org/" }
force_source = false
dependencies = [
    { name = "Rcpp", requirement = "(>= 1.0-10)" },
]

[[packages]]
name = "textshaping"
version = "1.0.4"
source = { repository = "https://cloud.r-project.org/" }
force_source = false
dependencies = [
    "lifecycle",
    "stringi",
    { name = "systemfonts", requirement = "(>= 1.3.0)" },
    { name = "cpp11", requirement = "(>= 0.2.1)" },
]

[[packages]]
name = "tibble"
version = "3.3.1"
source = { repository = "https://cloud.r-project.org/" }
force_source = false
dependencies = [
    "cli",
    { name = "lifecycle", requirement = "(>= 1.0.0)" },
    "magrittr",
    { name = "pillar", requirement = "(>= 1.8.1)" },
    "pkgconfig",
    { name = "rlang", requirement = "(>= 1.0.2)" },
    { name = "vctrs", requirement = "(>= 0.5.0)" },
]

[[packages]]
name = "tidycensus"
version = "1.7.5"
source = { repository = "https://cloud.r-project.org/" }
force_source = false
dependencies = [
    "httr",
    "sf",
    { name = "dplyr", requirement = "(>= 1.0.0)" },
    "tigris",
    "stringr",
    { name = "jsonlite", requirement = "(>= 1.5.0)" },
    "purrr",
    "rvest",
    { name = "tidyr", requirement = "(>= 1.0.0)" },
    "rappdirs",
    "readr",
    "xml2",
    "units",
    "rlang",
    "crayon",
    "tidyselect",
]

[[packages]]
name = "tidyr"
version = "1.3.2"
source = { repository = "https://cloud.r-project.org/" }
force_source = false
dependencies = [
    { name = "cli", requirement = "(>= 3.4.1)" },
    { name = "dplyr", requirement = "(>= 1.1.0)" },
    "glue",
    { name = "lifecycle", requirement = "(>= 1.0.3)" },
    "magrittr",
    { name = "purrr", requirement = "(>= 1.0.1)" },
    { name = "rlang", requirement = "(>= 1.1.1)" },
    { name = "stringr", requirement = "(>= 1.5.0)" },
    { name = "tibble", requirement = "(>= 2.1.1)" },
    { name = "tidyselect", requirement = "(>= 1.2.1)" },
    { name = "vctrs", requirement = "(>= 0.5.2)" },
    { name = "cpp11", requirement = "(>= 0.4.0)" },
]

[[packages]]
name = "tidyselect"
version = "1.2.1"
source = { repository = "https://cloud.r-project.org/" }
force_source = false
dependencies = [
    { name = "cli", requirement = "(>= 3.3.0)" },
    { name = "glue", requirement = "(>= 1.3.0)" },
    { name = "lifecycle", requirement = "(>= 1.0.3)" },
    { name = "rlang", requirement = "(>= 1.0.4)" },
    { name = "vctrs", requirement = "(>= 0.5.2)" },
    "withr",
]

[[packages]]
name = "tidyverse"
version = "2.0.0"
source = { repository = "https://cloud.r-project.org/" }
force_source = false
dependencies = [
    { name = "broom", requirement = "(>= 1.0.3)" },
    { name = "conflicted", requirement = "(>= 1.2.0)" },
    { name = "cli", requirement = "(>= 3.6.0)" },
    { name = "dbplyr", requirement = "(>= 2.3.0)" },
    { name = "dplyr", requirement = "(>= 1.1.0)" },
    { name = "dtplyr", requirement = "(>= 1.2.2)" },
    { name = "forcats", requirement = "(>= 1.0.0)" },
    { name = "ggplot2", requirement = "(>= 3.4.1)" },
    { name = "googledrive", requirement = "(>= 2.0.0)" },
    { name = "googlesheets4", requirement = "(>= 1.0.1)" },
    { name = "haven", requirement = "(>= 2.5.1)" },
    { name = "hms", requirement = "(>= 1.1.2)" },
    { name = "httr", requirement = "(>= 1.4.4)" },
    { name = "jsonlite", requirement = "(>= 1.8.4)" },
    { name = "lubridate", requirement = "(>= 1.9.2)" },
    { name = "magrittr", requirement = "(>= 2.0.3)" },
    { name = "modelr", requirement = "(>= 0.1.10)" },
    { name = "pillar", requirement = "(>= 1.8.1)" },
    { name = "purrr", requirement = "(>= 1.0.1)" },
    { name = "ragg", requirement = "(>= 1.2.5)" },
    { name = "readr", requirement = "(>= 2.1.4)" },
    { name = "readxl", requirement = "(>= 1.4.2)" },
    { name = "reprex", requirement = "(>= 2.0.2)" },
    { name = "rlang", requirement = "(>= 1.0.6)" },
    { name = "rstudioapi", requirement = "(>= 0.14)" },
    { name = "rvest", requirement = "(>= 1.0.3)" },
    { name = "stringr", requirement = "(>= 1.5.0)" },
    { name = "tibble", requirement = "(>= 3.1.8)" },
    { name = "tidyr", requirement = "(>= 1.3.0)" },
    { name = "xml2", requirement = "(>= 1.3.3)" },
]

[[packages]]
name = "tigris"
version = "2.2.1"
source = { repository = "https://cloud.r-project.org/" }
force_source = false
dependencies = [
    "stringr",
    "magrittr",
    "rappdirs",
    "httr",
    "uuid",
    "sf",
    "dplyr",
]

[[packages]]
name = "timechange"
version = "0.4.0"
source = { repository = "https://cloud.r-project.org/" }
force_source = false
dependencies = [
    { name = "cpp11", requirement = "(>= 0.2.7)" },
]

[[packages]]
name = "tinytex"
version = "0.58"
source = { repository = "https://cloud.r-project.org/" }
force_source = false
dependencies = [
    { name = "xfun", requirement = "(>= 0.48)" },
]

[[packages]]
name = "tzdb"
version = "0.5.0"
source = { repository = "https://cloud.r-project.org/" }
force_source = false
dependencies = [
    { name = "cpp11", requirement = "(>= 0.5.2)" },
]

[[packages]]
name = "units"
version = "1.0-0"
source = { repository = "https://cloud.r-project.org/" }
force_source = false
dependencies = [
    "Rcpp",
]

[[packages]]
name = "utf8"
version = "1.2.6"
source = { repository = "https://cloud.r-project.org/" }
force_source = false
dependencies = []

[[packages]]
name = "uuid"
version = "1.2-2"
source = { repository = "https://cloud.r-project.org/" }
force_source = false
dependencies = []

[[packages]]
name = "vctrs"
version = "0.7.1"
source = { repository = "https://cloud.r-project.org/" }
force_source = false
dependencies = [
    { name = "cli", requirement = "(>= 3.4.0)" },
    "glue",
    { name = "lifecycle", requirement = "(>= 1.0.3)" },
    { name = "rlang", requirement = "(>= 1.1.7)" },
]

[[packages]]
name = "viridisLite"
version = "0.4.3"
source = { repository = "https://cloud.r-project.org/" }
force_source = false
dependencies = []

[[packages]]
name = "vroom"
version = "1.7.0"
source = { repository = "https://cloud.r-project.org/" }
force_source = false
dependencies = [
    "bit64",
    { name = "cli", requirement = "(>= 3.2.0)" },
    "crayon",
    "glue",
    "hms",
    { name = "lifecycle", requirement = "(>= 1.0.3)" },
    { name = "rlang", requirement = "(>= 1.1.0)" },
    { name = "tibble", requirement = "(>= 2.0.0)" },
    "tidyselect",
    { name = "tzdb", requirement = "(>= 0.1.1)" },
    { name = "vctrs", requirement = "(>= 0.2.0)" },
    "withr",
    { name = "cpp11", requirement = "(>= 0.2.0)" },
    { name = "progress", requirement = "(>= 1.2.3)" },
]

[[packages]]
name = "withr"
version = "3.0.2"
source = { repository = "https://cloud.r-project.org/" }
force_source = false
dependencies = []

[[packages]]
name = "wk"
version = "0.9.5"
source = { repository = "https://cloud.r-project.org/" }
force_source = false
dependencies = []

[[packages]]
name = "xfun"
version = "0.56"
source = { repository = "https://cloud.r-project.org/" }
force_source = false
dependencies = []

[[packages]]
name = "xml2"
version = "1.5.2"
source = { repository = "https://cloud.r-project.org/" }
force_source = false
dependencies = [
    "cli",
    { name = "rlang", requirement = "(>= 1.1.0)" },
]

[[packages]]
name = "yaml"
version = "2.3.12"
source = { repository = "https://cloud.r-project.org/" }
force_source = false
dependencies = []
